
Microsoft Visual Studio Solution File, Format Version 12.00
# Visual Studio Version 17
VisualStudioVersion = 17.7.33808.371
MinimumVisualStudioVersion = 10.0.40219.1
Project("{9A19103F-16F7-4668-BE54-9A1E7A4F7556}") = "frontend", "frontend.csproj", "{37683D43-E356-4611-8483-663697955A83}"
EndProject
Global
	GlobalSection(SolutionConfigurationPlatforms) = preSolution
		Debug|Any CPU = Debug|Any CPU
		Release|Any CPU = Release|Any CPU
	EndGlobalSection
	GlobalSection(ProjectConfigurationPlatforms) = postSolution
		{37683D43-E356-4611-8483-663697955A83}.Debug|Any CPU.ActiveCfg = Debug|Any CPU
		{37683D43-E356-4611-8483-663697955A83}.Debug|Any CPU.Build.0 = Debug|Any CPU
		{37683D43-E356-4611-8483-663697955A83}.Release|Any CPU.ActiveCfg = Release|Any CPU
		{37683D43-E356-4611-8483-663697955A83}.Release|Any CPU.Build.0 = Release|Any CPU
	EndGlobalSection
	GlobalSection(SolutionProperties) = preSolution
		HideSolutionNode = FALSE
	EndGlobalSection
	GlobalSection(ExtensibilityGlobals) = postSolution
		SolutionGuid = {D4DF26F1-EFDA-4465-83B0-DE98E028E2B3}
	EndGlobalSection
EndGlobal
